PODS:
  - Alidade (5.1.8):
    - Alidade/Default (= 5.1.8)
  - Alidade/Associatable (5.1.8):
    - Alidade/Boxed
  - Alidade/Boxed (5.1.8)
  - Alidade/Core (5.1.8)
  - Alidade/Default (5.1.8):
    - Alidade/Core
    - Alidade/FormatterPool
    - Alidade/UIExtension
  - Alidade/Flowable (5.1.8)
  - Alidade/FormatterPool (5.1.8)
  - Alidade/String (5.1.8):
    - Alidade/Core
  - Alidade/UI (5.1.8):
    - Alidade/Core
  - Alidade/UIExtension (5.1.8):
    - Alidade/Core
  - Astrolabe (5.1.9):
    - Astrolabe/Core (= 5.1.9)
  - Astrolabe/Core (5.1.9):
    - RxCocoa (~> 5)
    - RxSwift (~> 5)
  - HBSSDK (1.0.92):
    - hbsshared
  - hbsshared (1.0.92)
  - OnRewindSDK (1.0.7):
    - onrewindshared
  - onrewindshared (1.0.7)
  - PinLayout (1.10.3)
  - RxCocoa (5.1.3):
    - RxRelay (~> 5)
    - RxSwift (~> 5)
  - RxRelay (5.1.3):
    - RxSwift (~> 5)
  - RxSwift (5.1.3)

DEPENDENCIES:
  - Alidade
  - Alidade/Associatable
  - Alidade/Flowable
  - Alidade/FormatterPool
  - Alidade/String
  - Alidade/UI
  - Astrolabe
  - HBSSDK (from `./specs/HBSSDK.podspec`)
  - hbsshared (from `./specs/hbsshared.podspec`)
  - OnRewindSDK (from `./specs/OnRewindSDK.podspec`)
  - onrewindshared (from `./specs/onrewindshared.podspec`)
  - PinLayout
  - RxCocoa
  - RxSwift

SPEC REPOS:
  trunk:
    - Alidade
    - Astrolabe
    - PinLayout
    - RxCocoa
    - RxRelay
    - RxSwift

EXTERNAL SOURCES:
  HBSSDK:
    :podspec: "./specs/HBSSDK.podspec"
  hbsshared:
    :podspec: "./specs/hbsshared.podspec"
  OnRewindSDK:
    :podspec: "./specs/OnRewindSDK.podspec"
  onrewindshared:
    :podspec: "./specs/onrewindshared.podspec"

SPEC CHECKSUMS:
  Alidade: ca003a9524ffcc47abdb8ecc2ecd92734d48767b
  Astrolabe: 97d5636ab06045bdfde8b420197b9aa85d5dff43
  HBSSDK: 4ef3bb006631fc27407bc04ebbdc659484caad60
  hbsshared: 1dcdb29dc3d9e963b3cbb1d843451d525edb9159
  OnRewindSDK: d2852b0c3355a0a793fefebf90121470cfb437bd
  onrewindshared: 4ab023271a81cd4787f76d727e7b4c65c680f451
  PinLayout: 0090ccbf29ae69af6ae5a15eaeaf27ed7b2c4d83
  RxCocoa: e2ed092d5432e4296aa818021d27de4090ac0354
  RxRelay: 5a18c2eb2d68326ebaf0112f80d837ae41b92b97
  RxSwift: 915abbdfb62214aa89ccd0b194d44fb478019b27

PODFILE CHECKSUM: dc771b33d6eb59018b5099fda04fb30ef56c3a54

COCOAPODS: 1.11.2
