PODS:
  - Alidade (5.1.8):
    - Alidade/Default (= 5.1.8)
  - Alidade/Associatable (5.1.8):
    - Alidade/Boxed
  - Alidade/Boxed (5.1.8)
  - Alidade/Core (5.1.8)
  - Alidade/Default (5.1.8):
    - Alidade/Core
    - Alidade/FormatterPool
    - Alidade/UIExtension
  - Alidade/Flowable (5.1.8)
  - Alidade/FormatterPool (5.1.8)
  - Alidade/String (5.1.8):
    - Alidade/Core
  - Alidade/UI (5.1.8):
    - Alidade/Core
  - Alidade/UIExtension (5.1.8):
    - Alidade/Core
  - Astrolabe (5.1.9):
    - Astrolabe/Core (= 5.1.9)
  - Astrolabe/Core (5.1.9):
    - RxCocoa (~> 5)
    - RxSwift (~> 5)
  - google-cast-sdk (4.7.0):
    - google-cast-sdk/Core (= 4.7.0)
    - Protobuf (~> 3.13)
  - google-cast-sdk/Core (4.7.0):
    - Protobuf (~> 3.13)
  - HBSSDK (1.0.92):
    - hbsshared
  - hbsshared (1.0.92)
  - OnRewindSDK (1.0.8):
    - google-cast-sdk (= 4.7.0)
    - onrewindshared
    - SportBuff (= 0.2.0.0)
  - onrewindshared (1.0.8)
  - PinLayout (1.10.3)
  - Protobuf (3.21.5)
  - RxCocoa (5.1.3):
    - RxRelay (~> 5)
    - RxSwift (~> 5)
  - RxRelay (5.1.3):
    - RxSwift (~> 5)
  - RxSwift (5.1.3)
  - SportBuff (0.2.0.0)

DEPENDENCIES:
  - Alidade
  - Alidade/Associatable
  - Alidade/Flowable
  - Alidade/FormatterPool
  - Alidade/String
  - Alidade/UI
  - Astrolabe
  - HBSSDK (from `./specs/HBSSDK.podspec`)
  - hbsshared (from `./specs/hbsshared.podspec`)
  - OnRewindSDK (from `./specs/OnRewindSDK.podspec`)
  - onrewindshared (from `./specs/onrewindshared.podspec`)
  - PinLayout
  - RxCocoa
  - RxSwift
  - SportBuff (= 0.2.0.0)

SPEC REPOS:
  trunk:
    - Alidade
    - Astrolabe
    - google-cast-sdk
    - PinLayout
    - Protobuf
    - RxCocoa
    - RxRelay
    - RxSwift
    - SportBuff

EXTERNAL SOURCES:
  HBSSDK:
    :podspec: "./specs/HBSSDK.podspec"
  hbsshared:
    :podspec: "./specs/hbsshared.podspec"
  OnRewindSDK:
    :podspec: "./specs/OnRewindSDK.podspec"
  onrewindshared:
    :podspec: "./specs/onrewindshared.podspec"

SPEC CHECKSUMS:
  Alidade: ca003a9524ffcc47abdb8ecc2ecd92734d48767b
  Astrolabe: 97d5636ab06045bdfde8b420197b9aa85d5dff43
  google-cast-sdk: 6731e9a206ce43e0f4433d15598ad8a19f0371d5
  HBSSDK: 4ef3bb006631fc27407bc04ebbdc659484caad60
  hbsshared: 1dcdb29dc3d9e963b3cbb1d843451d525edb9159
  OnRewindSDK: 52c26df26b07b039996131f7bc0505990859db60
  onrewindshared: 44abeb1ddfe3ab5b1013c5af7066f36bd0c5af1e
  PinLayout: 0090ccbf29ae69af6ae5a15eaeaf27ed7b2c4d83
  Protobuf: 7504b04fffcf6662ad629694db8231f5e744327f
  RxCocoa: e2ed092d5432e4296aa818021d27de4090ac0354
  RxRelay: 5a18c2eb2d68326ebaf0112f80d837ae41b92b97
  RxSwift: 915abbdfb62214aa89ccd0b194d44fb478019b27
  SportBuff: 02fbad1c12fa8a63a4d731ce7c5692873fe07b7b

PODFILE CHECKSUM: ae30ad8bf4a2657eb07b5988d6e32b01b368892b

COCOAPODS: 1.11.2
